
Microsoft Visual Studio Solution File, Format Version 12.00
# Visual Studio 15
VisualStudioVersion = 15.0.27102.0
MinimumVisualStudioVersion = 10.0.40219.1
Project("{FAE04EC0-301F-11D3-BF4B-00C04F79EFBC}") = "APL", "APL\APL.csproj", "{D37945F8-F47F-4EAB-AEFB-691154377159}"
EndProject
Project("{FAE04EC0-301F-11D3-BF4B-00C04F79EFBC}") = "APLTest", "APLTest\APLTest.csproj", "{DE9D89D2-47C4-41A9-84AC-64084A1C9A9C}"
	ProjectSection(ProjectDependencies) = postProject
		{D37945F8-F47F-4EAB-AEFB-691154377159} = {D37945F8-F47F-4EAB-AEFB-691154377159}
	EndProjectSection
EndProject
Global
	GlobalSection(SolutionConfigurationPlatforms) = preSolution
		Debug|Any CPU = Debug|Any CPU
		Release|Any CPU = Release|Any CPU
	EndGlobalSection
	GlobalSection(ProjectConfigurationPlatforms) = postSolution
		{D37945F8-F47F-4EAB-AEFB-691154377159}.Debug|Any CPU.ActiveCfg = Debug|Any CPU
		{D37945F8-F47F-4EAB-AEFB-691154377159}.Debug|Any CPU.Build.0 = Debug|Any CPU
		{D37945F8-F47F-4EAB-AEFB-691154377159}.Release|Any CPU.ActiveCfg = Release|Any CPU
		{D37945F8-F47F-4EAB-AEFB-691154377159}.Release|Any CPU.Build.0 = Release|Any CPU
		{DE9D89D2-47C4-41A9-84AC-64084A1C9A9C}.Debug|Any CPU.ActiveCfg = Debug|Any CPU
		{DE9D89D2-47C4-41A9-84AC-64084A1C9A9C}.Debug|Any CPU.Build.0 = Debug|Any CPU
		{DE9D89D2-47C4-41A9-84AC-64084A1C9A9C}.Release|Any CPU.ActiveCfg = Release|Any CPU
		{DE9D89D2-47C4-41A9-84AC-64084A1C9A9C}.Release|Any CPU.Build.0 = Release|Any CPU
	EndGlobalSection
	GlobalSection(SolutionProperties) = preSolution
		HideSolutionNode = FALSE
	EndGlobalSection
	GlobalSection(ExtensibilityGlobals) = postSolution
		SolutionGuid = {166355B2-BCE9-475E-B463-D31CF921214C}
	EndGlobalSection
EndGlobal
